<Solution>
  <Folder Name="/Runtime/">
    <Project Path="DotNet/RapWay.Domain/RapWay.Domain.csproj" />
    <Project Path="DotNet/RapWay.Application/RapWay.Application.csproj" />
    <Project Path="DotNet/RapWay.Infrastructure/RapWay.Infrastructure.csproj" />
  </Folder>
  <Folder Name="/Tests/">
    <Project Path="DotNet/Tests/RapWay.Architecture.Tests/RapWay.Architecture.Tests.csproj" />
  </Folder>
</Solution>
